
Microsoft Visual Studio Solution File, Format Version 12.00
# Visual Studio Version 17
VisualStudioVersion = 17.10.35027.167
MinimumVisualStudioVersion = 10.0.40219.1
Project("{FAE04EC0-301F-11D3-BF4B-00C04F79EFBC}") = "DapperTrial.API", "DapperTrial.API\DapperTrial.API.csproj", "{476B2D14-0185-467D-9333-DDF85ECEAFAC}"
EndProject
Global
	GlobalSection(SolutionConfigurationPlatforms) = preSolution
		Debug|Any CPU = Debug|Any CPU
		Release|Any CPU = Release|Any CPU
	EndGlobalSection
	GlobalSection(ProjectConfigurationPlatforms) = postSolution
		{476B2D14-0185-467D-9333-DDF85ECEAFAC}.Debug|Any CPU.ActiveCfg = Debug|Any CPU
		{476B2D14-0185-467D-9333-DDF85ECEAFAC}.Debug|Any CPU.Build.0 = Debug|Any CPU
		{476B2D14-0185-467D-9333-DDF85ECEAFAC}.Release|Any CPU.ActiveCfg = Release|Any CPU
		{476B2D14-0185-467D-9333-DDF85ECEAFAC}.Release|Any CPU.Build.0 = Release|Any CPU
	EndGlobalSection
	GlobalSection(SolutionProperties) = preSolution
		HideSolutionNode = FALSE
	EndGlobalSection
	GlobalSection(ExtensibilityGlobals) = postSolution
		SolutionGuid = {1B047C5E-A38A-4DDE-83EA-68C46C050A01}
	EndGlobalSection
EndGlobal
